
Microsoft Visual Studio Solution File, Format Version 11.00
# Visual Studio 2010
Project("{FAE04EC0-301F-11D3-BF4B-00C04F79EFBC}") = "FennecFox", "FennecFox\FennecFox.csproj", "{E0EDC0F5-6F5E-4B1A-B090-EA10F9ABE34E}"
EndProject
Project("{54435603-DBB4-11D2-8724-00A0C9A8B90C}") = "FFSetup", "FFSetup\FFSetup.vdproj", "{FBB46EF3-7729-4F34-B62A-C5CC9F02C629}"
EndProject
Project("{FAE04EC0-301F-11D3-BF4B-00C04F79EFBC}") = "pogutils", "pogutils\pogutils.csproj", "{D1549E8C-BAB5-4E3B-AE03-DC9895752D31}"
EndProject
Project("{FAE04EC0-301F-11D3-BF4B-00C04F79EFBC}") = "werewolf", "werewolf\werewolf.csproj", "{9082AFAD-DF54-4B4C-B274-FD399FA8D6E2}"
EndProject
Project("{FAE04EC0-301F-11D3-BF4B-00C04F79EFBC}") = "Forum", "forum\Forum.csproj", "{DF0D7868-C4C0-4388-BF11-138E1FC9BF87}"
EndProject
Project("{2150E333-8FDC-42A3-9474-1A3956D46DE8}") = ".nuget", ".nuget", "{3206B393-939D-46C1-8E07-641FD6CB9179}"
	ProjectSection(SolutionItems) = preProject
		.nuget\NuGet.Config = .nuget\NuGet.Config
		.nuget\nuget.exe = .nuget\nuget.exe
		.nuget\NuGet.targets = .nuget\NuGet.targets
	EndProjectSection
EndProject
Project("{FAE04EC0-301F-11D3-BF4B-00C04F79EFBC}") = "ThreadMonitor", "ThreadMonitor\ThreadMonitor.csproj", "{948D97EE-B6AF-4C67-B32B-BBD72D3CF9F7}"
	ProjectSection(ProjectDependencies) = postProject
		{C1C1B5FD-7C05-467A-BE22-F6670E013D05} = {C1C1B5FD-7C05-467A-BE22-F6670E013D05}
	EndProjectSection
EndProject
Project("{FAE04EC0-301F-11D3-BF4B-00C04F79EFBC}") = "checkmywwstats", "checkmywwstats\checkmywwstats.csproj", "{C1C1B5FD-7C05-467A-BE22-F6670E013D05}"
EndProject
Project("{FAE04EC0-301F-11D3-BF4B-00C04F79EFBC}") = "ForumTypes", "ForumTypes\ForumTypes.csproj", "{3A512A72-44FC-458A-A6FB-36147D6C0CF6}"
EndProject
Project("{FAE04EC0-301F-11D3-BF4B-00C04F79EFBC}") = "AutocompleteMenu", "AutocompleteMenu\AutocompleteMenu.csproj", "{43CBC9AA-6A8E-463F-83A9-AFF3124AFDB6}"
EndProject
Project("{FAE04EC0-301F-11D3-BF4B-00C04F79EFBC}") = "WerewolfTypes", "WerewolfTypes\WerewolfTypes.csproj", "{F60529CB-2D09-41BA-9EBA-700568E2ED6C}"
EndProject
Project("{FAE04EC0-301F-11D3-BF4B-00C04F79EFBC}") = "PogDbSqlite", "PogDbSqlite\PogDbSqlite.csproj", "{F8D0D146-0D91-49E4-AEA1-24E5A1241F96}"
EndProject
Project("{FAE04EC0-301F-11D3-BF4B-00C04F79EFBC}") = "RickyRaccoon", "RickyRaccoon\RickyRaccoon.csproj", "{5633B541-E6A9-4C23-8D8D-CBC69B7F1933}"
EndProject
Project("{FAE04EC0-301F-11D3-BF4B-00C04F79EFBC}") = "MaryMeerkat", "MaryMeerkat\MaryMeerkat.csproj", "{30D87A83-74EE-4324-82C2-DB111A7C8735}"
EndProject
Global
	GlobalSection(SolutionConfigurationPlatforms) = preSolution
		Debug|x86 = Debug|x86
		Release|x86 = Release|x86
	EndGlobalSection
	GlobalSection(ProjectConfigurationPlatforms) = postSolution
		{E0EDC0F5-6F5E-4B1A-B090-EA10F9ABE34E}.Debug|x86.ActiveCfg = Debug|x86
		{E0EDC0F5-6F5E-4B1A-B090-EA10F9ABE34E}.Debug|x86.Build.0 = Debug|x86
		{E0EDC0F5-6F5E-4B1A-B090-EA10F9ABE34E}.Release|x86.ActiveCfg = Release|x86
		{E0EDC0F5-6F5E-4B1A-B090-EA10F9ABE34E}.Release|x86.Build.0 = Release|x86
		{FBB46EF3-7729-4F34-B62A-C5CC9F02C629}.Debug|x86.ActiveCfg = Debug
		{FBB46EF3-7729-4F34-B62A-C5CC9F02C629}.Release|x86.ActiveCfg = Release
		{D1549E8C-BAB5-4E3B-AE03-DC9895752D31}.Debug|x86.ActiveCfg = Debug|x86
		{D1549E8C-BAB5-4E3B-AE03-DC9895752D31}.Debug|x86.Build.0 = Debug|x86
		{D1549E8C-BAB5-4E3B-AE03-DC9895752D31}.Release|x86.ActiveCfg = Release|x86
		{D1549E8C-BAB5-4E3B-AE03-DC9895752D31}.Release|x86.Build.0 = Release|x86
		{9082AFAD-DF54-4B4C-B274-FD399FA8D6E2}.Debug|x86.ActiveCfg = Debug|x86
		{9082AFAD-DF54-4B4C-B274-FD399FA8D6E2}.Debug|x86.Build.0 = Debug|x86
		{9082AFAD-DF54-4B4C-B274-FD399FA8D6E2}.Release|x86.ActiveCfg = Release|x86
		{9082AFAD-DF54-4B4C-B274-FD399FA8D6E2}.Release|x86.Build.0 = Release|x86
		{DF0D7868-C4C0-4388-BF11-138E1FC9BF87}.Debug|x86.ActiveCfg = Debug|x86
		{DF0D7868-C4C0-4388-BF11-138E1FC9BF87}.Debug|x86.Build.0 = Debug|x86
		{DF0D7868-C4C0-4388-BF11-138E1FC9BF87}.Release|x86.ActiveCfg = Release|x86
		{DF0D7868-C4C0-4388-BF11-138E1FC9BF87}.Release|x86.Build.0 = Release|x86
		{948D97EE-B6AF-4C67-B32B-BBD72D3CF9F7}.Debug|x86.ActiveCfg = Debug|x86
		{948D97EE-B6AF-4C67-B32B-BBD72D3CF9F7}.Debug|x86.Build.0 = Debug|x86
		{948D97EE-B6AF-4C67-B32B-BBD72D3CF9F7}.Release|x86.ActiveCfg = Release|x86
		{948D97EE-B6AF-4C67-B32B-BBD72D3CF9F7}.Release|x86.Build.0 = Release|x86
		{C1C1B5FD-7C05-467A-BE22-F6670E013D05}.Debug|x86.ActiveCfg = Debug|x86
		{C1C1B5FD-7C05-467A-BE22-F6670E013D05}.Debug|x86.Build.0 = Debug|x86
		{C1C1B5FD-7C05-467A-BE22-F6670E013D05}.Release|x86.ActiveCfg = Release|x86
		{C1C1B5FD-7C05-467A-BE22-F6670E013D05}.Release|x86.Build.0 = Release|x86
		{3A512A72-44FC-458A-A6FB-36147D6C0CF6}.Debug|x86.ActiveCfg = Debug|x86
		{3A512A72-44FC-458A-A6FB-36147D6C0CF6}.Debug|x86.Build.0 = Debug|x86
		{3A512A72-44FC-458A-A6FB-36147D6C0CF6}.Release|x86.ActiveCfg = Release|x86
		{3A512A72-44FC-458A-A6FB-36147D6C0CF6}.Release|x86.Build.0 = Release|x86
		{43CBC9AA-6A8E-463F-83A9-AFF3124AFDB6}.Debug|x86.ActiveCfg = Debug|x86
		{43CBC9AA-6A8E-463F-83A9-AFF3124AFDB6}.Debug|x86.Build.0 = Debug|x86
		{43CBC9AA-6A8E-463F-83A9-AFF3124AFDB6}.Release|x86.ActiveCfg = Release|x86
		{43CBC9AA-6A8E-463F-83A9-AFF3124AFDB6}.Release|x86.Build.0 = Release|x86
		{F60529CB-2D09-41BA-9EBA-700568E2ED6C}.Debug|x86.ActiveCfg = Debug|x86
		{F60529CB-2D09-41BA-9EBA-700568E2ED6C}.Debug|x86.Build.0 = Debug|x86
		{F60529CB-2D09-41BA-9EBA-700568E2ED6C}.Release|x86.ActiveCfg = Release|x86
		{F60529CB-2D09-41BA-9EBA-700568E2ED6C}.Release|x86.Build.0 = Release|x86
		{F8D0D146-0D91-49E4-AEA1-24E5A1241F96}.Debug|x86.ActiveCfg = Debug|x86
		{F8D0D146-0D91-49E4-AEA1-24E5A1241F96}.Debug|x86.Build.0 = Debug|x86
		{F8D0D146-0D91-49E4-AEA1-24E5A1241F96}.Release|x86.ActiveCfg = Release|x86
		{F8D0D146-0D91-49E4-AEA1-24E5A1241F96}.Release|x86.Build.0 = Release|x86
		{5633B541-E6A9-4C23-8D8D-CBC69B7F1933}.Debug|x86.ActiveCfg = Debug|x86
		{5633B541-E6A9-4C23-8D8D-CBC69B7F1933}.Debug|x86.Build.0 = Debug|x86
		{5633B541-E6A9-4C23-8D8D-CBC69B7F1933}.Release|x86.ActiveCfg = Release|x86
		{5633B541-E6A9-4C23-8D8D-CBC69B7F1933}.Release|x86.Build.0 = Release|x86
		{30D87A83-74EE-4324-82C2-DB111A7C8735}.Debug|x86.ActiveCfg = Debug|x86
		{30D87A83-74EE-4324-82C2-DB111A7C8735}.Debug|x86.Build.0 = Debug|x86
		{30D87A83-74EE-4324-82C2-DB111A7C8735}.Release|x86.ActiveCfg = Release|x86
		{30D87A83-74EE-4324-82C2-DB111A7C8735}.Release|x86.Build.0 = Release|x86
	EndGlobalSection
	GlobalSection(SolutionProperties) = preSolution
		HideSolutionNode = FALSE
	EndGlobalSection
EndGlobal
