
Microsoft Visual Studio Solution File, Format Version 11.00
# Visual Studio 2010
Project("{FAE04EC0-301F-11D3-BF4B-00C04F79EFBC}") = "FennecFox", "FennecFox\FennecFox.csproj", "{E0EDC0F5-6F5E-4B1A-B090-EA10F9ABE34E}"
EndProject
Project("{54435603-DBB4-11D2-8724-00A0C9A8B90C}") = "FFSetup", "FFSetup\FFSetup.vdproj", "{FBB46EF3-7729-4F34-B62A-C5CC9F02C629}"
EndProject
Project("{FAE04EC0-301F-11D3-BF4B-00C04F79EFBC}") = "pogutils", "pogutils\pogutils.csproj", "{D1549E8C-BAB5-4E3B-AE03-DC9895752D31}"
EndProject
Project("{FAE04EC0-301F-11D3-BF4B-00C04F79EFBC}") = "werewolf", "werewolf\werewolf.csproj", "{9082AFAD-DF54-4B4C-B274-FD399FA8D6E2}"
EndProject
Project("{FAE04EC0-301F-11D3-BF4B-00C04F79EFBC}") = "Forum", "forum\Forum.csproj", "{DF0D7868-C4C0-4388-BF11-138E1FC9BF87}"
	ProjectSection(ProjectDependencies) = postProject
		{C1C1B5FD-7C05-467A-BE22-F6670E013D05} = {C1C1B5FD-7C05-467A-BE22-F6670E013D05}
	EndProjectSection
EndProject
Project("{FAE04EC0-301F-11D3-BF4B-00C04F79EFBC}") = "FoxTester", "FoxTester\FoxTester.csproj", "{474E3488-8A8B-40EF-AA7F-9A8D5BA37596}"
EndProject
Project("{2150E333-8FDC-42A3-9474-1A3956D46DE8}") = ".nuget", ".nuget", "{3206B393-939D-46C1-8E07-641FD6CB9179}"
	ProjectSection(SolutionItems) = preProject
		.nuget\NuGet.Config = .nuget\NuGet.Config
		.nuget\nuget.exe = .nuget\nuget.exe
		.nuget\NuGet.targets = .nuget\NuGet.targets
	EndProjectSection
EndProject
Project("{FAE04EC0-301F-11D3-BF4B-00C04F79EFBC}") = "checkmywwstats", "checkmywwstats\checkmywwstats.csproj", "{C1C1B5FD-7C05-467A-BE22-F6670E013D05}"
EndProject
Global
	GlobalSection(SolutionConfigurationPlatforms) = preSolution
		Debug|Any CPU = Debug|Any CPU
		Debug|Mixed Platforms = Debug|Mixed Platforms
		Debug|x86 = Debug|x86
		Release|Any CPU = Release|Any CPU
		Release|Mixed Platforms = Release|Mixed Platforms
		Release|x86 = Release|x86
	EndGlobalSection
	GlobalSection(ProjectConfigurationPlatforms) = postSolution
		{E0EDC0F5-6F5E-4B1A-B090-EA10F9ABE34E}.Debug|Any CPU.ActiveCfg = Debug|x86
		{E0EDC0F5-6F5E-4B1A-B090-EA10F9ABE34E}.Debug|Mixed Platforms.ActiveCfg = Debug|x86
		{E0EDC0F5-6F5E-4B1A-B090-EA10F9ABE34E}.Debug|Mixed Platforms.Build.0 = Debug|x86
		{E0EDC0F5-6F5E-4B1A-B090-EA10F9ABE34E}.Debug|x86.ActiveCfg = Debug|x86
		{E0EDC0F5-6F5E-4B1A-B090-EA10F9ABE34E}.Debug|x86.Build.0 = Debug|x86
		{E0EDC0F5-6F5E-4B1A-B090-EA10F9ABE34E}.Release|Any CPU.ActiveCfg = Release|x86
		{E0EDC0F5-6F5E-4B1A-B090-EA10F9ABE34E}.Release|Mixed Platforms.ActiveCfg = Release|x86
		{E0EDC0F5-6F5E-4B1A-B090-EA10F9ABE34E}.Release|Mixed Platforms.Build.0 = Release|x86
		{E0EDC0F5-6F5E-4B1A-B090-EA10F9ABE34E}.Release|x86.ActiveCfg = Release|x86
		{E0EDC0F5-6F5E-4B1A-B090-EA10F9ABE34E}.Release|x86.Build.0 = Release|x86
		{FBB46EF3-7729-4F34-B62A-C5CC9F02C629}.Debug|Any CPU.ActiveCfg = Debug
		{FBB46EF3-7729-4F34-B62A-C5CC9F02C629}.Debug|Any CPU.Build.0 = Debug
		{FBB46EF3-7729-4F34-B62A-C5CC9F02C629}.Debug|Mixed Platforms.ActiveCfg = Debug
		{FBB46EF3-7729-4F34-B62A-C5CC9F02C629}.Debug|x86.ActiveCfg = Debug
		{FBB46EF3-7729-4F34-B62A-C5CC9F02C629}.Release|Any CPU.ActiveCfg = Release
		{FBB46EF3-7729-4F34-B62A-C5CC9F02C629}.Release|Any CPU.Build.0 = Release
		{FBB46EF3-7729-4F34-B62A-C5CC9F02C629}.Release|Mixed Platforms.ActiveCfg = Release
		{FBB46EF3-7729-4F34-B62A-C5CC9F02C629}.Release|Mixed Platforms.Build.0 = Release
		{FBB46EF3-7729-4F34-B62A-C5CC9F02C629}.Release|x86.ActiveCfg = Release
		{D1549E8C-BAB5-4E3B-AE03-DC9895752D31}.Debug|Any CPU.ActiveCfg = Debug|Any CPU
		{D1549E8C-BAB5-4E3B-AE03-DC9895752D31}.Debug|Any CPU.Build.0 = Debug|Any CPU
		{D1549E8C-BAB5-4E3B-AE03-DC9895752D31}.Debug|Mixed Platforms.ActiveCfg = Debug|Any CPU
		{D1549E8C-BAB5-4E3B-AE03-DC9895752D31}.Debug|Mixed Platforms.Build.0 = Debug|Any CPU
		{D1549E8C-BAB5-4E3B-AE03-DC9895752D31}.Debug|x86.ActiveCfg = Debug|Any CPU
		{D1549E8C-BAB5-4E3B-AE03-DC9895752D31}.Release|Any CPU.ActiveCfg = Release|Any CPU
		{D1549E8C-BAB5-4E3B-AE03-DC9895752D31}.Release|Any CPU.Build.0 = Release|Any CPU
		{D1549E8C-BAB5-4E3B-AE03-DC9895752D31}.Release|Mixed Platforms.ActiveCfg = Release|Any CPU
		{D1549E8C-BAB5-4E3B-AE03-DC9895752D31}.Release|Mixed Platforms.Build.0 = Release|Any CPU
		{D1549E8C-BAB5-4E3B-AE03-DC9895752D31}.Release|x86.ActiveCfg = Release|Any CPU
		{9082AFAD-DF54-4B4C-B274-FD399FA8D6E2}.Debug|Any CPU.ActiveCfg = Debug|Any CPU
		{9082AFAD-DF54-4B4C-B274-FD399FA8D6E2}.Debug|Any CPU.Build.0 = Debug|Any CPU
		{9082AFAD-DF54-4B4C-B274-FD399FA8D6E2}.Debug|Mixed Platforms.ActiveCfg = Debug|Any CPU
		{9082AFAD-DF54-4B4C-B274-FD399FA8D6E2}.Debug|Mixed Platforms.Build.0 = Debug|Any CPU
		{9082AFAD-DF54-4B4C-B274-FD399FA8D6E2}.Debug|x86.ActiveCfg = Debug|Any CPU
		{9082AFAD-DF54-4B4C-B274-FD399FA8D6E2}.Release|Any CPU.ActiveCfg = Release|Any CPU
		{9082AFAD-DF54-4B4C-B274-FD399FA8D6E2}.Release|Any CPU.Build.0 = Release|Any CPU
		{9082AFAD-DF54-4B4C-B274-FD399FA8D6E2}.Release|Mixed Platforms.ActiveCfg = Release|Any CPU
		{9082AFAD-DF54-4B4C-B274-FD399FA8D6E2}.Release|Mixed Platforms.Build.0 = Release|Any CPU
		{9082AFAD-DF54-4B4C-B274-FD399FA8D6E2}.Release|x86.ActiveCfg = Release|Any CPU
		{DF0D7868-C4C0-4388-BF11-138E1FC9BF87}.Debug|Any CPU.ActiveCfg = Debug|Any CPU
		{DF0D7868-C4C0-4388-BF11-138E1FC9BF87}.Debug|Any CPU.Build.0 = Debug|Any CPU
		{DF0D7868-C4C0-4388-BF11-138E1FC9BF87}.Debug|Mixed Platforms.ActiveCfg = Debug|Any CPU
		{DF0D7868-C4C0-4388-BF11-138E1FC9BF87}.Debug|Mixed Platforms.Build.0 = Debug|Any CPU
		{DF0D7868-C4C0-4388-BF11-138E1FC9BF87}.Debug|x86.ActiveCfg = Debug|Any CPU
		{DF0D7868-C4C0-4388-BF11-138E1FC9BF87}.Release|Any CPU.ActiveCfg = Release|Any CPU
		{DF0D7868-C4C0-4388-BF11-138E1FC9BF87}.Release|Any CPU.Build.0 = Release|Any CPU
		{DF0D7868-C4C0-4388-BF11-138E1FC9BF87}.Release|Mixed Platforms.ActiveCfg = Release|Any CPU
		{DF0D7868-C4C0-4388-BF11-138E1FC9BF87}.Release|Mixed Platforms.Build.0 = Release|Any CPU
		{DF0D7868-C4C0-4388-BF11-138E1FC9BF87}.Release|x86.ActiveCfg = Release|Any CPU
		{474E3488-8A8B-40EF-AA7F-9A8D5BA37596}.Debug|Any CPU.ActiveCfg = Debug|x86
		{474E3488-8A8B-40EF-AA7F-9A8D5BA37596}.Debug|Mixed Platforms.ActiveCfg = Debug|x86
		{474E3488-8A8B-40EF-AA7F-9A8D5BA37596}.Debug|Mixed Platforms.Build.0 = Debug|x86
		{474E3488-8A8B-40EF-AA7F-9A8D5BA37596}.Debug|x86.ActiveCfg = Debug|x86
		{474E3488-8A8B-40EF-AA7F-9A8D5BA37596}.Debug|x86.Build.0 = Debug|x86
		{474E3488-8A8B-40EF-AA7F-9A8D5BA37596}.Release|Any CPU.ActiveCfg = Release|x86
		{474E3488-8A8B-40EF-AA7F-9A8D5BA37596}.Release|Mixed Platforms.ActiveCfg = Release|x86
		{474E3488-8A8B-40EF-AA7F-9A8D5BA37596}.Release|Mixed Platforms.Build.0 = Release|x86
		{474E3488-8A8B-40EF-AA7F-9A8D5BA37596}.Release|x86.ActiveCfg = Release|x86
		{474E3488-8A8B-40EF-AA7F-9A8D5BA37596}.Release|x86.Build.0 = Release|x86
		{C1C1B5FD-7C05-467A-BE22-F6670E013D05}.Debug|Any CPU.ActiveCfg = Debug|Any CPU
		{C1C1B5FD-7C05-467A-BE22-F6670E013D05}.Debug|Any CPU.Build.0 = Debug|Any CPU
		{C1C1B5FD-7C05-467A-BE22-F6670E013D05}.Debug|Mixed Platforms.ActiveCfg = Debug|Any CPU
		{C1C1B5FD-7C05-467A-BE22-F6670E013D05}.Debug|Mixed Platforms.Build.0 = Debug|Any CPU
		{C1C1B5FD-7C05-467A-BE22-F6670E013D05}.Debug|x86.ActiveCfg = Debug|Any CPU
		{C1C1B5FD-7C05-467A-BE22-F6670E013D05}.Release|Any CPU.ActiveCfg = Release|Any CPU
		{C1C1B5FD-7C05-467A-BE22-F6670E013D05}.Release|Any CPU.Build.0 = Release|Any CPU
		{C1C1B5FD-7C05-467A-BE22-F6670E013D05}.Release|Mixed Platforms.ActiveCfg = Release|Any CPU
		{C1C1B5FD-7C05-467A-BE22-F6670E013D05}.Release|Mixed Platforms.Build.0 = Release|Any CPU
		{C1C1B5FD-7C05-467A-BE22-F6670E013D05}.Release|x86.ActiveCfg = Release|Any CPU
	EndGlobalSection
	GlobalSection(SolutionProperties) = preSolution
		HideSolutionNode = FALSE
	EndGlobalSection
EndGlobal
